<?xml version="1.0" encoding="utf-8"?>
<Project ToolsVersion="4.0" xmlns="http://schemas.microsoft.com/developer/msbuild/2003">
  <ItemGroup>
    <ClCompile Include="main.cpp">
      <Filter>Source Files</Filter>
    </ClCompile>
    <ClCompile Include="Shader.cpp">
      <Filter>Source Files</Filter>
    </ClCompile>
    <ClCompile Include="Texture2D.cpp">
      <Filter>Source Files</Filter>
    </ClCompile>
  </ItemGroup>
  <ItemGroup>
    <ClInclude Include="Shader.h">
      <Filter>Head Files</Filter>
    </ClInclude>
    <ClInclude Include="stb_image.h">
      <Filter>Head Files</Filter>
    </ClInclude>
    <ClInclude Include="Texture2D.h">
      <Filter>Head Files</Filter>
    </ClInclude>
  </ItemGroup>
  <ItemGroup>
    <Image Include="pic.jpg">
      <Filter>Resource Files</Filter>
    </Image>
    <Image Include="awesomeface.png">
      <Filter>Resource Files</Filter>
    </Image>
  </ItemGroup>
  <ItemGroup>
    <Text Include="FragmentSource.txt" />
    <Text Include="VertexSource.txt" />
  </ItemGroup>
  <ItemGroup>
    <Filter Include="Source Files">
      <UniqueIdentifier>{a9d18d23-3e70-405c-aad1-424dd15bc1ba}</UniqueIdentifier>
      <Extensions>cpp;c;cc;cxx;def;odl;idl;hpj;bat;asm;asmx</Extensions>
    </Filter>
    <Filter Include="Resource Files">
      <UniqueIdentifier>{5b130ce5-0c18-4c74-814a-2a5f581f1639}</UniqueIdentifier>
      <Extensions>rc;ico;cur;bmp;dlg;rc2;rct;bin;rgs;gif;jpg;jpeg;jpe;resx;tiff;tif;png;wav;mfcribbon-ms</Extensions>
    </Filter>
    <Filter Include="Head Files">
      <UniqueIdentifier>{83ae8ba3-1fdc-468a-b0f2-04dbefed8f3e}</UniqueIdentifier>
      <Extensions>h;hh;hpp;hxx;hm;inl;inc;ipp;xsd</Extensions>
    </Filter>
  </ItemGroup>
</Project>