<?xml version="1.0" encoding="utf-8"?>
<Project ToolsVersion="4.0" xmlns="http://schemas.microsoft.com/developer/msbuild/2003">
  <ItemGroup>
    <ClCompile Include="main.cpp">
      <Filter>Source Files</Filter>
    </ClCompile>
    <ClCompile Include="Shader.cpp">
      <Filter>Source Files</Filter>
    </ClCompile>
    <ClCompile Include="Texture2D.cpp">
      <Filter>Source Files</Filter>
    </ClCompile>
    <ClCompile Include="Camera.cpp">
      <Filter>Source Files</Filter>
    </ClCompile>
    <ClCompile Include="Math\Vector.cpp">
      <Filter>Source Files\Math</Filter>
    </ClCompile>
    <ClCompile Include="Math\Matrix.cpp">
      <Filter>Source Files\Math</Filter>
    </ClCompile>
    <ClCompile Include="Material.cpp">
      <Filter>Source Files</Filter>
    </ClCompile>
  </ItemGroup>
  <ItemGroup>
    <ClInclude Include="Shader.h">
      <Filter>Head Files</Filter>
    </ClInclude>
    <ClInclude Include="stb_image.h">
      <Filter>Head Files</Filter>
    </ClInclude>
    <ClInclude Include="Texture2D.h">
      <Filter>Head Files</Filter>
    </ClInclude>
    <ClInclude Include="Camera.h">
      <Filter>Head Files</Filter>
    </ClInclude>
    <ClInclude Include="Color.h">
      <Filter>Head Files\Light</Filter>
    </ClInclude>
    <ClInclude Include="Math\Vector.h">
      <Filter>Head Files\Math</Filter>
    </ClInclude>
    <ClInclude Include="Math\MathTemplate.h">
      <Filter>Head Files\Math</Filter>
    </ClInclude>
    <ClInclude Include="Math\SimpleMath.h">
      <Filter>Head Files\Math</Filter>
    </ClInclude>
    <ClInclude Include="Math\Matrix.h">
      <Filter>Head Files\Math</Filter>
    </ClInclude>
    <ClInclude Include="Material.h">
      <Filter>Head Files</Filter>
    </ClInclude>
  </ItemGroup>
  <ItemGroup>
    <Image Include="pic.jpg">
      <Filter>Resource Files</Filter>
    </Image>
    <Image Include="awesomeface.png">
      <Filter>Resource Files</Filter>
    </Image>
  </ItemGroup>
  <ItemGroup>
    <Text Include="FragmentSource.frag">
      <Filter>Shader</Filter>
    </Text>
    <Text Include="VertexSource.vert">
      <Filter>Shader</Filter>
    </Text>
    <Text Include="SimpleVertexShader.vert">
      <Filter>Shader</Filter>
    </Text>
    <Text Include="SimpleFragmentShader.frag">
      <Filter>Shader</Filter>
    </Text>
    <Text Include="LightVertexShader.vert">
      <Filter>Shader</Filter>
    </Text>
    <Text Include="LightFragmentShader.frag">
      <Filter>Shader</Filter>
    </Text>
  </ItemGroup>
  <ItemGroup>
    <Filter Include="Source Files">
      <UniqueIdentifier>{a9d18d23-3e70-405c-aad1-424dd15bc1ba}</UniqueIdentifier>
      <Extensions>cpp;c;cc;cxx;def;odl;idl;hpj;bat;asm;asmx</Extensions>
    </Filter>
    <Filter Include="Resource Files">
      <UniqueIdentifier>{5b130ce5-0c18-4c74-814a-2a5f581f1639}</UniqueIdentifier>
      <Extensions>rc;ico;cur;bmp;dlg;rc2;rct;bin;rgs;gif;jpg;jpeg;jpe;resx;tiff;tif;png;wav;mfcribbon-ms</Extensions>
    </Filter>
    <Filter Include="Head Files">
      <UniqueIdentifier>{83ae8ba3-1fdc-468a-b0f2-04dbefed8f3e}</UniqueIdentifier>
      <Extensions>h;hh;hpp;hxx;hm;inl;inc;ipp;xsd</Extensions>
    </Filter>
    <Filter Include="Head Files\Light">
      <UniqueIdentifier>{c994e72e-83f3-4a58-aa5d-71e5186ac60d}</UniqueIdentifier>
    </Filter>
    <Filter Include="Shader">
      <UniqueIdentifier>{8decab61-79c6-4cae-8379-9a1ac89d6e6d}</UniqueIdentifier>
      <Extensions>frag;vert</Extensions>
    </Filter>
    <Filter Include="Head Files\Math">
      <UniqueIdentifier>{c36c7d50-542f-4f10-a7a5-debf64cc1c3e}</UniqueIdentifier>
      <Extensions>/Math/.h</Extensions>
    </Filter>
    <Filter Include="Source Files\Math">
      <UniqueIdentifier>{24cbba83-d256-4bf4-8019-84341fde3492}</UniqueIdentifier>
      <Extensions>/Math/.cpp</Extensions>
    </Filter>
  </ItemGroup>
</Project>